
Microsoft Visual Studio Solution File, Format Version 12.00
# Visual Studio Version 16
VisualStudioVersion = 16.0.28516.95
MinimumVisualStudioVersion = 10.0.40219.1
Project("{2150E333-8FDC-42A3-9474-1A3956D46DE8}") = "src", "src", "{D88E76D6-773B-4691-B6AB-3323E46D486F}"
EndProject
Project("{9A19103F-16F7-4668-BE54-9A1E7A4F7556}") = "PartnerCenter", "src\PartnerCenter\PartnerCenter.csproj", "{8E7758EA-3D8D-4840-8716-0E9C012F5BCB}"
EndProject
Project("{9A19103F-16F7-4668-BE54-9A1E7A4F7556}") = "PowerShell", "src\PowerShell\PowerShell.csproj", "{0DAC3162-7D38-40EC-A412-496ECAFDDC8B}"
EndProject
Project("{2150E333-8FDC-42A3-9474-1A3956D46DE8}") = "Solution Items", "Solution Items", "{5C9806B5-F5AE-4D2B-A612-1995BEBDBD84}"
	ProjectSection(SolutionItems) = preProject
		ChangeLog.md = ChangeLog.md
		CODE_OF_CONDUCT.md = CODE_OF_CONDUCT.md
		CONTRIBUTING.md = CONTRIBUTING.md
		LICENSE = LICENSE
		README.md = README.md
	EndProjectSection
EndProject
Project("{2150E333-8FDC-42A3-9474-1A3956D46DE8}") = "test", "test", "{68F07DE0-044F-43AF-8057-EB9840DA9A8C}"
EndProject
Project("{FAE04EC0-301F-11D3-BF4B-00C04F79EFBC}") = "PartnerCenter.Tests.Integration", "test\PartnerCenter.Tests.Integration\PartnerCenter.Tests.Integration.csproj", "{79DC1372-D0B2-4053-9B4F-434CA890ABBB}"
EndProject
Project("{9A19103F-16F7-4668-BE54-9A1E7A4F7556}") = "PartnerCenter.TestFramework", "src\PartnerCenter.TestFramework\PartnerCenter.TestFramework.csproj", "{F68866B6-6F17-4F01-8A1D-A8472156A48E}"
EndProject
Project("{9A19103F-16F7-4668-BE54-9A1E7A4F7556}") = "PartnerCenter.Tests.UnitTests", "test\PartnerCenter.Tests.UnitTests\PartnerCenter.Tests.UnitTests.csproj", "{410287FE-4A88-47D9-AE92-88F9738D678F}"
EndProject
Project("{9A19103F-16F7-4668-BE54-9A1E7A4F7556}") = "PowerShell.Tests.UnitTests", "test\PowerShell.Tests.UnitTests\PowerShell.Tests.UnitTests.csproj", "{D3495DEA-400B-4B9F-AC07-BA8DD50E5A72}"
EndProject
Global
	GlobalSection(SolutionConfigurationPlatforms) = preSolution
		Debug|Any CPU = Debug|Any CPU
		Release|Any CPU = Release|Any CPU
	EndGlobalSection
	GlobalSection(ProjectConfigurationPlatforms) = postSolution
		{8E7758EA-3D8D-4840-8716-0E9C012F5BCB}.Debug|Any CPU.ActiveCfg = Debug|Any CPU
		{8E7758EA-3D8D-4840-8716-0E9C012F5BCB}.Debug|Any CPU.Build.0 = Debug|Any CPU
		{8E7758EA-3D8D-4840-8716-0E9C012F5BCB}.Release|Any CPU.ActiveCfg = Release|Any CPU
		{8E7758EA-3D8D-4840-8716-0E9C012F5BCB}.Release|Any CPU.Build.0 = Release|Any CPU
		{0DAC3162-7D38-40EC-A412-496ECAFDDC8B}.Debug|Any CPU.ActiveCfg = Debug|Any CPU
		{0DAC3162-7D38-40EC-A412-496ECAFDDC8B}.Debug|Any CPU.Build.0 = Debug|Any CPU
		{0DAC3162-7D38-40EC-A412-496ECAFDDC8B}.Release|Any CPU.ActiveCfg = Release|Any CPU
		{0DAC3162-7D38-40EC-A412-496ECAFDDC8B}.Release|Any CPU.Build.0 = Release|Any CPU
		{79DC1372-D0B2-4053-9B4F-434CA890ABBB}.Debug|Any CPU.ActiveCfg = Debug|Any CPU
		{79DC1372-D0B2-4053-9B4F-434CA890ABBB}.Debug|Any CPU.Build.0 = Debug|Any CPU
		{79DC1372-D0B2-4053-9B4F-434CA890ABBB}.Release|Any CPU.ActiveCfg = Release|Any CPU
		{79DC1372-D0B2-4053-9B4F-434CA890ABBB}.Release|Any CPU.Build.0 = Release|Any CPU
		{F68866B6-6F17-4F01-8A1D-A8472156A48E}.Debug|Any CPU.ActiveCfg = Debug|Any CPU
		{F68866B6-6F17-4F01-8A1D-A8472156A48E}.Debug|Any CPU.Build.0 = Debug|Any CPU
		{F68866B6-6F17-4F01-8A1D-A8472156A48E}.Release|Any CPU.ActiveCfg = Release|Any CPU
		{F68866B6-6F17-4F01-8A1D-A8472156A48E}.Release|Any CPU.Build.0 = Release|Any CPU
		{410287FE-4A88-47D9-AE92-88F9738D678F}.Debug|Any CPU.ActiveCfg = Debug|Any CPU
		{410287FE-4A88-47D9-AE92-88F9738D678F}.Debug|Any CPU.Build.0 = Debug|Any CPU
		{410287FE-4A88-47D9-AE92-88F9738D678F}.Release|Any CPU.ActiveCfg = Release|Any CPU
		{410287FE-4A88-47D9-AE92-88F9738D678F}.Release|Any CPU.Build.0 = Release|Any CPU
		{D3495DEA-400B-4B9F-AC07-BA8DD50E5A72}.Debug|Any CPU.ActiveCfg = Debug|Any CPU
		{D3495DEA-400B-4B9F-AC07-BA8DD50E5A72}.Debug|Any CPU.Build.0 = Debug|Any CPU
		{D3495DEA-400B-4B9F-AC07-BA8DD50E5A72}.Release|Any CPU.ActiveCfg = Release|Any CPU
		{D3495DEA-400B-4B9F-AC07-BA8DD50E5A72}.Release|Any CPU.Build.0 = Release|Any CPU
	EndGlobalSection
	GlobalSection(SolutionProperties) = preSolution
		HideSolutionNode = FALSE
	EndGlobalSection
	GlobalSection(NestedProjects) = preSolution
		{8E7758EA-3D8D-4840-8716-0E9C012F5BCB} = {D88E76D6-773B-4691-B6AB-3323E46D486F}
		{0DAC3162-7D38-40EC-A412-496ECAFDDC8B} = {D88E76D6-773B-4691-B6AB-3323E46D486F}
		{79DC1372-D0B2-4053-9B4F-434CA890ABBB} = {68F07DE0-044F-43AF-8057-EB9840DA9A8C}
		{F68866B6-6F17-4F01-8A1D-A8472156A48E} = {D88E76D6-773B-4691-B6AB-3323E46D486F}
		{410287FE-4A88-47D9-AE92-88F9738D678F} = {68F07DE0-044F-43AF-8057-EB9840DA9A8C}
		{D3495DEA-400B-4B9F-AC07-BA8DD50E5A72} = {68F07DE0-044F-43AF-8057-EB9840DA9A8C}
	EndGlobalSection
	GlobalSection(ExtensibilityGlobals) = postSolution
		SolutionGuid = {BE398BA5-A85F-43C4-9317-C08C61C2DB8B}
	EndGlobalSection
EndGlobal
