
Microsoft Visual Studio Solution File, Format Version 12.00
# Visual Studio Version 16
VisualStudioVersion = 16.0.28516.95
MinimumVisualStudioVersion = 10.0.40219.1
Project("{2150E333-8FDC-42A3-9474-1A3956D46DE8}") = "src", "src", "{D88E76D6-773B-4691-B6AB-3323E46D486F}"
EndProject
Project("{9A19103F-16F7-4668-BE54-9A1E7A4F7556}") = "PartnerCenter", "src\PartnerCenter\PartnerCenter.csproj", "{8E7758EA-3D8D-4840-8716-0E9C012F5BCB}"
EndProject
Project("{9A19103F-16F7-4668-BE54-9A1E7A4F7556}") = "PowerShell", "src\PowerShell\PowerShell.csproj", "{0DAC3162-7D38-40EC-A412-496ECAFDDC8B}"
EndProject
Project("{2150E333-8FDC-42A3-9474-1A3956D46DE8}") = "Solution Items", "Solution Items", "{5C9806B5-F5AE-4D2B-A612-1995BEBDBD84}"
	ProjectSection(SolutionItems) = preProject
		ChangeLog.md = ChangeLog.md
		CODE_OF_CONDUCT.md = CODE_OF_CONDUCT.md
		CONTRIBUTING.md = CONTRIBUTING.md
		LICENSE = LICENSE
		README.md = README.md
	EndProjectSection
EndProject
Project("{2150E333-8FDC-42A3-9474-1A3956D46DE8}") = "test", "test", "{68F07DE0-044F-43AF-8057-EB9840DA9A8C}"
EndProject
Project("{9A19103F-16F7-4668-BE54-9A1E7A4F7556}") = "PartnerCenter.TestFramework", "src\PartnerCenter.TestFramework\PartnerCenter.TestFramework.csproj", "{EE69209F-06B2-4836-B8DF-123BBAC2523D}"
EndProject
Project("{9A19103F-16F7-4668-BE54-9A1E7A4F7556}") = "PartnerCenter.Tests", "test\PartnerCenter.Tests\PartnerCenter.Tests.csproj", "{10BD6A73-9CA8-419D-BE1F-75C03B7BFAB6}"
EndProject
Project("{9A19103F-16F7-4668-BE54-9A1E7A4F7556}") = "PowerShell.Tests", "test\PowerShell.Tests\PowerShell.Tests.csproj", "{E6AE0C07-3E0F-4012-943C-B635A4908472}"
EndProject
Global
	GlobalSection(SolutionConfigurationPlatforms) = preSolution
		Debug|Any CPU = Debug|Any CPU
		Release|Any CPU = Release|Any CPU
	EndGlobalSection
	GlobalSection(ProjectConfigurationPlatforms) = postSolution
		{8E7758EA-3D8D-4840-8716-0E9C012F5BCB}.Debug|Any CPU.ActiveCfg = Debug|Any CPU
		{8E7758EA-3D8D-4840-8716-0E9C012F5BCB}.Debug|Any CPU.Build.0 = Debug|Any CPU
		{8E7758EA-3D8D-4840-8716-0E9C012F5BCB}.Release|Any CPU.ActiveCfg = Release|Any CPU
		{8E7758EA-3D8D-4840-8716-0E9C012F5BCB}.Release|Any CPU.Build.0 = Release|Any CPU
		{0DAC3162-7D38-40EC-A412-496ECAFDDC8B}.Debug|Any CPU.ActiveCfg = Debug|Any CPU
		{0DAC3162-7D38-40EC-A412-496ECAFDDC8B}.Debug|Any CPU.Build.0 = Debug|Any CPU
		{0DAC3162-7D38-40EC-A412-496ECAFDDC8B}.Release|Any CPU.ActiveCfg = Release|Any CPU
		{0DAC3162-7D38-40EC-A412-496ECAFDDC8B}.Release|Any CPU.Build.0 = Release|Any CPU
		{EE69209F-06B2-4836-B8DF-123BBAC2523D}.Debug|Any CPU.ActiveCfg = Debug|Any CPU
		{EE69209F-06B2-4836-B8DF-123BBAC2523D}.Debug|Any CPU.Build.0 = Debug|Any CPU
		{EE69209F-06B2-4836-B8DF-123BBAC2523D}.Release|Any CPU.ActiveCfg = Release|Any CPU
		{EE69209F-06B2-4836-B8DF-123BBAC2523D}.Release|Any CPU.Build.0 = Release|Any CPU
		{10BD6A73-9CA8-419D-BE1F-75C03B7BFAB6}.Debug|Any CPU.ActiveCfg = Debug|Any CPU
		{10BD6A73-9CA8-419D-BE1F-75C03B7BFAB6}.Debug|Any CPU.Build.0 = Debug|Any CPU
		{10BD6A73-9CA8-419D-BE1F-75C03B7BFAB6}.Release|Any CPU.ActiveCfg = Release|Any CPU
		{10BD6A73-9CA8-419D-BE1F-75C03B7BFAB6}.Release|Any CPU.Build.0 = Release|Any CPU
		{E6AE0C07-3E0F-4012-943C-B635A4908472}.Debug|Any CPU.ActiveCfg = Debug|Any CPU
		{E6AE0C07-3E0F-4012-943C-B635A4908472}.Debug|Any CPU.Build.0 = Debug|Any CPU
		{E6AE0C07-3E0F-4012-943C-B635A4908472}.Release|Any CPU.ActiveCfg = Release|Any CPU
		{E6AE0C07-3E0F-4012-943C-B635A4908472}.Release|Any CPU.Build.0 = Release|Any CPU
	EndGlobalSection
	GlobalSection(SolutionProperties) = preSolution
		HideSolutionNode = FALSE
	EndGlobalSection
	GlobalSection(NestedProjects) = preSolution
		{8E7758EA-3D8D-4840-8716-0E9C012F5BCB} = {D88E76D6-773B-4691-B6AB-3323E46D486F}
		{0DAC3162-7D38-40EC-A412-496ECAFDDC8B} = {D88E76D6-773B-4691-B6AB-3323E46D486F}
		{EE69209F-06B2-4836-B8DF-123BBAC2523D} = {D88E76D6-773B-4691-B6AB-3323E46D486F}
		{10BD6A73-9CA8-419D-BE1F-75C03B7BFAB6} = {68F07DE0-044F-43AF-8057-EB9840DA9A8C}
		{E6AE0C07-3E0F-4012-943C-B635A4908472} = {68F07DE0-044F-43AF-8057-EB9840DA9A8C}
	EndGlobalSection
	GlobalSection(ExtensibilityGlobals) = postSolution
		SolutionGuid = {BE398BA5-A85F-43C4-9317-C08C61C2DB8B}
	EndGlobalSection
EndGlobal
